
Microsoft Visual Studio Solution File, Format Version 12.00
# Visual Studio Version 17
VisualStudioVersion = 17.14.36603.0
MinimumVisualStudioVersion = 10.0.40219.1
Project("{FAE04EC0-301F-11D3-BF4B-00C04F79EFBC}") = "FitNet.Contracts", "FitNet.Contracts\FitNet.Contracts.csproj", "{EB47A6DE-A946-BEE2-CAA6-4743C7D26E6F}"
EndProject
Project("{FAE04EC0-301F-11D3-BF4B-00C04F79EFBC}") = "FitNet.DataAccess", "FitNet.DataAccess\FitNet.DataAccess.csproj", "{3C6E2082-3807-85BC-927F-F5874B7AC606}"
EndProject
Project("{FAE04EC0-301F-11D3-BF4B-00C04F79EFBC}") = "FitNet.Domain", "FitNet.Domain\FitNet.Domain.csproj", "{148F172A-06FE-C22E-B85D-E550AA6A5DD2}"
EndProject
Project("{FAE04EC0-301F-11D3-BF4B-00C04F79EFBC}") = "FitNet.Infrastructure", "FitNet.Infrastructure\FitNet.Infrastructure.csproj", "{43F45382-4B42-51D7-55C9-D04BB334AB4B}"
EndProject
Project("{FAE04EC0-301F-11D3-BF4B-00C04F79EFBC}") = "FitNet.Interfaces", "FitNet.Interfaces\FitNet.Interfaces.csproj", "{A5A200FA-B593-5D06-425A-994DF8F0E08B}"
EndProject
Project("{FAE04EC0-301F-11D3-BF4B-00C04F79EFBC}") = "FitNet.Service", "FitNet.Service\FitNet.Service.csproj", "{026EB6C0-9F03-5A80-DC6C-D73E86C7638D}"
EndProject
Project("{FAE04EC0-301F-11D3-BF4B-00C04F79EFBC}") = "FitNet.WebAPI", "FitNet.WebAPI\FitNet.WebAPI.csproj", "{CBC03D07-85E1-115C-AB90-0957D588C2C9}"
EndProject
Project("{E53339B2-1760-4266-BCC7-CA923CBCF16C}") = "docker-compose", "docker-compose.dcproj", "{81DDED9D-158B-E303-5F62-77A2896D2A5A}"
EndProject
Project("{2150E333-8FDC-42A3-9474-1A3956D46DE8}") = "Solution Items", "Solution Items", "{8EC462FD-D22E-90A8-E5CE-7E832BA40C5D}"
	ProjectSection(SolutionItems) = preProject
		Dockerfile = Dockerfile
	EndProjectSection
EndProject
Global
	GlobalSection(SolutionConfigurationPlatforms) = preSolution
		Debug|Any CPU = Debug|Any CPU
		Release|Any CPU = Release|Any CPU
	EndGlobalSection
	GlobalSection(ProjectConfigurationPlatforms) = postSolution
		{EB47A6DE-A946-BEE2-CAA6-4743C7D26E6F}.Debug|Any CPU.ActiveCfg = Debug|Any CPU
		{EB47A6DE-A946-BEE2-CAA6-4743C7D26E6F}.Debug|Any CPU.Build.0 = Debug|Any CPU
		{EB47A6DE-A946-BEE2-CAA6-4743C7D26E6F}.Release|Any CPU.ActiveCfg = Release|Any CPU
		{EB47A6DE-A946-BEE2-CAA6-4743C7D26E6F}.Release|Any CPU.Build.0 = Release|Any CPU
		{3C6E2082-3807-85BC-927F-F5874B7AC606}.Debug|Any CPU.ActiveCfg = Debug|Any CPU
		{3C6E2082-3807-85BC-927F-F5874B7AC606}.Debug|Any CPU.Build.0 = Debug|Any CPU
		{3C6E2082-3807-85BC-927F-F5874B7AC606}.Release|Any CPU.ActiveCfg = Release|Any CPU
		{3C6E2082-3807-85BC-927F-F5874B7AC606}.Release|Any CPU.Build.0 = Release|Any CPU
		{148F172A-06FE-C22E-B85D-E550AA6A5DD2}.Debug|Any CPU.ActiveCfg = Debug|Any CPU
		{148F172A-06FE-C22E-B85D-E550AA6A5DD2}.Debug|Any CPU.Build.0 = Debug|Any CPU
		{148F172A-06FE-C22E-B85D-E550AA6A5DD2}.Release|Any CPU.ActiveCfg = Release|Any CPU
		{148F172A-06FE-C22E-B85D-E550AA6A5DD2}.Release|Any CPU.Build.0 = Release|Any CPU
		{43F45382-4B42-51D7-55C9-D04BB334AB4B}.Debug|Any CPU.ActiveCfg = Debug|Any CPU
		{43F45382-4B42-51D7-55C9-D04BB334AB4B}.Debug|Any CPU.Build.0 = Debug|Any CPU
		{43F45382-4B42-51D7-55C9-D04BB334AB4B}.Release|Any CPU.ActiveCfg = Release|Any CPU
		{43F45382-4B42-51D7-55C9-D04BB334AB4B}.Release|Any CPU.Build.0 = Release|Any CPU
		{A5A200FA-B593-5D06-425A-994DF8F0E08B}.Debug|Any CPU.ActiveCfg = Debug|Any CPU
		{A5A200FA-B593-5D06-425A-994DF8F0E08B}.Debug|Any CPU.Build.0 = Debug|Any CPU
		{A5A200FA-B593-5D06-425A-994DF8F0E08B}.Release|Any CPU.ActiveCfg = Release|Any CPU
		{A5A200FA-B593-5D06-425A-994DF8F0E08B}.Release|Any CPU.Build.0 = Release|Any CPU
		{026EB6C0-9F03-5A80-DC6C-D73E86C7638D}.Debug|Any CPU.ActiveCfg = Debug|Any CPU
		{026EB6C0-9F03-5A80-DC6C-D73E86C7638D}.Debug|Any CPU.Build.0 = Debug|Any CPU
		{026EB6C0-9F03-5A80-DC6C-D73E86C7638D}.Release|Any CPU.ActiveCfg = Release|Any CPU
		{026EB6C0-9F03-5A80-DC6C-D73E86C7638D}.Release|Any CPU.Build.0 = Release|Any CPU
		{CBC03D07-85E1-115C-AB90-0957D588C2C9}.Debug|Any CPU.ActiveCfg = Debug|Any CPU
		{CBC03D07-85E1-115C-AB90-0957D588C2C9}.Debug|Any CPU.Build.0 = Debug|Any CPU
		{CBC03D07-85E1-115C-AB90-0957D588C2C9}.Release|Any CPU.ActiveCfg = Release|Any CPU
		{CBC03D07-85E1-115C-AB90-0957D588C2C9}.Release|Any CPU.Build.0 = Release|Any CPU
		{81DDED9D-158B-E303-5F62-77A2896D2A5A}.Debug|Any CPU.ActiveCfg = Debug|Any CPU
		{81DDED9D-158B-E303-5F62-77A2896D2A5A}.Debug|Any CPU.Build.0 = Debug|Any CPU
		{81DDED9D-158B-E303-5F62-77A2896D2A5A}.Release|Any CPU.ActiveCfg = Release|Any CPU
		{81DDED9D-158B-E303-5F62-77A2896D2A5A}.Release|Any CPU.Build.0 = Release|Any CPU
	EndGlobalSection
	GlobalSection(SolutionProperties) = preSolution
		HideSolutionNode = FALSE
	EndGlobalSection
	GlobalSection(ExtensibilityGlobals) = postSolution
		SolutionGuid = {0FC87090-76F9-4EA6-BA32-23E7D45CD5D2}
	EndGlobalSection
EndGlobal
